
Microsoft Visual Studio Solution File, Format Version 12.00
# Visual Studio Version 16
VisualStudioVersion = 16.0.32106.194
MinimumVisualStudioVersion = 10.0.40219.1
Project("{FAE04EC0-301F-11D3-BF4B-00C04F79EFBC}") = "Examen Medii de programare", "Examen Medii de programare.csproj", "{EBE0B55B-9808-4F65-BE99-77C8D7A03A30}"
EndProject
Global
	GlobalSection(SolutionConfigurationPlatforms) = preSolution
		Debug|Any CPU = Debug|Any CPU
		Release|Any CPU = Release|Any CPU
	EndGlobalSection
	GlobalSection(ProjectConfigurationPlatforms) = postSolution
		{EBE0B55B-9808-4F65-BE99-77C8D7A03A30}.Debug|Any CPU.ActiveCfg = Debug|Any CPU
		{EBE0B55B-9808-4F65-BE99-77C8D7A03A30}.Debug|Any CPU.Build.0 = Debug|Any CPU
		{EBE0B55B-9808-4F65-BE99-77C8D7A03A30}.Release|Any CPU.ActiveCfg = Release|Any CPU
		{EBE0B55B-9808-4F65-BE99-77C8D7A03A30}.Release|Any CPU.Build.0 = Release|Any CPU
	EndGlobalSection
	GlobalSection(SolutionProperties) = preSolution
		HideSolutionNode = FALSE
	EndGlobalSection
	GlobalSection(ExtensibilityGlobals) = postSolution
		SolutionGuid = {AB67008E-9285-4A9D-9CA4-19DA0A7BAF42}
	EndGlobalSection
EndGlobal
